
Microsoft Visual Studio Solution File, Format Version 12.00
# Visual Studio 14
VisualStudioVersion = 14.0.24720.0
MinimumVisualStudioVersion = 10.0.40219.1
Project("{FAE04EC0-301F-11D3-BF4B-00C04F79EFBC}") = "CasperWP", "CasperWP\CasperWP.csproj", "{4B8A03AA-39B7-4F12-874A-E56BD5DFA14B}"
EndProject
Project("{2150E333-8FDC-42A3-9474-1A3956D46DE8}") = "Solution Items", "Solution Items", "{E0615C7F-8110-4C37-B7B8-2F118774C3E6}"
	ProjectSection(SolutionItems) = preProject
		Performance1.psess = Performance1.psess
	EndProjectSection
EndProject
Global
	GlobalSection(SolutionConfigurationPlatforms) = preSolution
		Debug|Any CPU = Debug|Any CPU
		Debug|ARM = Debug|ARM
		Debug|x86 = Debug|x86
		Release|Any CPU = Release|Any CPU
		Release|ARM = Release|ARM
		Release|x86 = Release|x86
	EndGlobalSection
	GlobalSection(ProjectConfigurationPlatforms) = postSolution
		{4B8A03AA-39B7-4F12-874A-E56BD5DFA14B}.Debug|Any CPU.ActiveCfg = Debug|Any CPU
		{4B8A03AA-39B7-4F12-874A-E56BD5DFA14B}.Debug|Any CPU.Build.0 = Debug|Any CPU
		{4B8A03AA-39B7-4F12-874A-E56BD5DFA14B}.Debug|Any CPU.Deploy.0 = Debug|Any CPU
		{4B8A03AA-39B7-4F12-874A-E56BD5DFA14B}.Debug|ARM.ActiveCfg = Debug|ARM
		{4B8A03AA-39B7-4F12-874A-E56BD5DFA14B}.Debug|ARM.Build.0 = Debug|ARM
		{4B8A03AA-39B7-4F12-874A-E56BD5DFA14B}.Debug|ARM.Deploy.0 = Debug|ARM
		{4B8A03AA-39B7-4F12-874A-E56BD5DFA14B}.Debug|x86.ActiveCfg = Debug|x86
		{4B8A03AA-39B7-4F12-874A-E56BD5DFA14B}.Debug|x86.Build.0 = Debug|x86
		{4B8A03AA-39B7-4F12-874A-E56BD5DFA14B}.Debug|x86.Deploy.0 = Debug|x86
		{4B8A03AA-39B7-4F12-874A-E56BD5DFA14B}.Release|Any CPU.ActiveCfg = Release|Any CPU
		{4B8A03AA-39B7-4F12-874A-E56BD5DFA14B}.Release|Any CPU.Build.0 = Release|Any CPU
		{4B8A03AA-39B7-4F12-874A-E56BD5DFA14B}.Release|Any CPU.Deploy.0 = Release|Any CPU
		{4B8A03AA-39B7-4F12-874A-E56BD5DFA14B}.Release|ARM.ActiveCfg = Release|ARM
		{4B8A03AA-39B7-4F12-874A-E56BD5DFA14B}.Release|ARM.Build.0 = Release|ARM
		{4B8A03AA-39B7-4F12-874A-E56BD5DFA14B}.Release|ARM.Deploy.0 = Release|ARM
		{4B8A03AA-39B7-4F12-874A-E56BD5DFA14B}.Release|x86.ActiveCfg = Release|x86
		{4B8A03AA-39B7-4F12-874A-E56BD5DFA14B}.Release|x86.Build.0 = Release|x86
		{4B8A03AA-39B7-4F12-874A-E56BD5DFA14B}.Release|x86.Deploy.0 = Release|x86
	EndGlobalSection
	GlobalSection(SolutionProperties) = preSolution
		HideSolutionNode = FALSE
	EndGlobalSection
EndGlobal
